
Microsoft Visual Studio Solution File, Format Version 12.00
# Visual Studio Version 17
VisualStudioVersion = 17.9.34728.123
MinimumVisualStudioVersion = 10.0.40219.1
Project("{FAE04EC0-301F-11D3-BF4B-00C04F79EFBC}") = "Algoritm", "Algoritm\Algoritm.csproj", "{A8B66281-4901-47C0-A4D5-8F942F7240E2}"
EndProject
Global
	GlobalSection(SolutionConfigurationPlatforms) = preSolution
		Debug|Any CPU = Debug|Any CPU
		Release|Any CPU = Release|Any CPU
	EndGlobalSection
	GlobalSection(ProjectConfigurationPlatforms) = postSolution
		{A8B66281-4901-47C0-A4D5-8F942F7240E2}.Debug|Any CPU.ActiveCfg = Debug|Any CPU
		{A8B66281-4901-47C0-A4D5-8F942F7240E2}.Debug|Any CPU.Build.0 = Debug|Any CPU
		{A8B66281-4901-47C0-A4D5-8F942F7240E2}.Release|Any CPU.ActiveCfg = Release|Any CPU
		{A8B66281-4901-47C0-A4D5-8F942F7240E2}.Release|Any CPU.Build.0 = Release|Any CPU
	EndGlobalSection
	GlobalSection(SolutionProperties) = preSolution
		HideSolutionNode = FALSE
	EndGlobalSection
	GlobalSection(ExtensibilityGlobals) = postSolution
		SolutionGuid = {46432213-1CA7-4C0A-924A-4A8781DE731F}
	EndGlobalSection
EndGlobal
